
Microsoft Visual Studio Solution File, Format Version 12.00
# Visual Studio Version 17
VisualStudioVersion = 17.8.34309.116
MinimumVisualStudioVersion = 10.0.40219.1
Project("{FAE04EC0-301F-11D3-BF4B-00C04F79EFBC}") = "RestApi-CleanArchitecture", "RestApi-CleanArchitecture\RestApi-CleanArchitecture.csproj", "{54A00C7A-2CDB-4269-A002-B8CF76023593}"
EndProject
Global
	GlobalSection(SolutionConfigurationPlatforms) = preSolution
		Debug|Any CPU = Debug|Any CPU
		Release|Any CPU = Release|Any CPU
	EndGlobalSection
	GlobalSection(ProjectConfigurationPlatforms) = postSolution
		{54A00C7A-2CDB-4269-A002-B8CF76023593}.Debug|Any CPU.ActiveCfg = Debug|Any CPU
		{54A00C7A-2CDB-4269-A002-B8CF76023593}.Debug|Any CPU.Build.0 = Debug|Any CPU
		{54A00C7A-2CDB-4269-A002-B8CF76023593}.Release|Any CPU.ActiveCfg = Release|Any CPU
		{54A00C7A-2CDB-4269-A002-B8CF76023593}.Release|Any CPU.Build.0 = Release|Any CPU
	EndGlobalSection
	GlobalSection(SolutionProperties) = preSolution
		HideSolutionNode = FALSE
	EndGlobalSection
	GlobalSection(ExtensibilityGlobals) = postSolution
		SolutionGuid = {C84BF7F9-8E52-42E3-9593-8EFA9805A5DB}
	EndGlobalSection
EndGlobal
